
Microsoft Visual Studio Solution File, Format Version 12.00
# Visual Studio 15
VisualStudioVersion = 15.0.26403.3
MinimumVisualStudioVersion = 10.0.40219.1
Project("{9A19103F-16F7-4668-BE54-9A1E7A4F7556}") = "TeaApi", "TeaApi\TeaApi.csproj", "{6E16FE06-92F2-4072-9CD0-0C1347F2480C}"
EndProject
Project("{9A19103F-16F7-4668-BE54-9A1E7A4F7556}") = "Tea.Dal", "DalTea\Tea.Dal.csproj", "{B16772D1-D9E1-4E2B-B6FC-65042AFC03D7}"
EndProject
Project("{9A19103F-16F7-4668-BE54-9A1E7A4F7556}") = "Tea.Test", "Tea.Test\Tea.Test.csproj", "{4E8A40DE-FB11-4E88-BF5B-ECAC8B7E1DAD}"
EndProject
Global
	GlobalSection(SolutionConfigurationPlatforms) = preSolution
		Debug|Any CPU = Debug|Any CPU
		Release|Any CPU = Release|Any CPU
	EndGlobalSection
	GlobalSection(ProjectConfigurationPlatforms) = postSolution
		{6E16FE06-92F2-4072-9CD0-0C1347F2480C}.Debug|Any CPU.ActiveCfg = Debug|Any CPU
		{6E16FE06-92F2-4072-9CD0-0C1347F2480C}.Debug|Any CPU.Build.0 = Debug|Any CPU
		{6E16FE06-92F2-4072-9CD0-0C1347F2480C}.Release|Any CPU.ActiveCfg = Release|Any CPU
		{6E16FE06-92F2-4072-9CD0-0C1347F2480C}.Release|Any CPU.Build.0 = Release|Any CPU
		{B16772D1-D9E1-4E2B-B6FC-65042AFC03D7}.Debug|Any CPU.ActiveCfg = Debug|Any CPU
		{B16772D1-D9E1-4E2B-B6FC-65042AFC03D7}.Debug|Any CPU.Build.0 = Debug|Any CPU
		{B16772D1-D9E1-4E2B-B6FC-65042AFC03D7}.Release|Any CPU.ActiveCfg = Release|Any CPU
		{B16772D1-D9E1-4E2B-B6FC-65042AFC03D7}.Release|Any CPU.Build.0 = Release|Any CPU
		{4E8A40DE-FB11-4E88-BF5B-ECAC8B7E1DAD}.Debug|Any CPU.ActiveCfg = Debug|Any CPU
		{4E8A40DE-FB11-4E88-BF5B-ECAC8B7E1DAD}.Debug|Any CPU.Build.0 = Debug|Any CPU
		{4E8A40DE-FB11-4E88-BF5B-ECAC8B7E1DAD}.Release|Any CPU.ActiveCfg = Release|Any CPU
		{4E8A40DE-FB11-4E88-BF5B-ECAC8B7E1DAD}.Release|Any CPU.Build.0 = Release|Any CPU
	EndGlobalSection
	GlobalSection(SolutionProperties) = preSolution
		HideSolutionNode = FALSE
	EndGlobalSection
EndGlobal
